
Microsoft Visual Studio Solution File, Format Version 12.00
Project("{FAE04EC0-301F-11D3-BF4B-00C04F79EFBC}") = "RecipeBookAPI", "RecipeBookAPI\RecipeBookAPI.csproj", "{C393DAA2-982A-4D9C-BD78-5D0E72498E45}"
EndProject
Project("{FAE04EC0-301F-11D3-BF4B-00C04F79EFBC}") = "Domain", "Domain\Domain.csproj", "{CA53C4ED-C9AE-4480-9F06-B55657F30D1C}"
EndProject
Project("{FAE04EC0-301F-11D3-BF4B-00C04F79EFBC}") = "Infra", "Infra\Infra.csproj", "{16F83C1D-0B80-4501-931B-5A56187A06E3}"
EndProject
Project("{2150E333-8FDC-42A3-9474-1A3956D46DE8}") = "1 - Application", "1 - Application", "{C30EFF3B-D201-4CCF-AEC5-E9F86FD8F66D}"
EndProject
Project("{2150E333-8FDC-42A3-9474-1A3956D46DE8}") = "2 - Business", "2 - Business", "{356992EB-E003-403E-892D-F8B924CF17A4}"
EndProject
Project("{2150E333-8FDC-42A3-9474-1A3956D46DE8}") = "3- Domain", "3- Domain", "{C17BC4E1-BD91-43B7-8844-B6612A28A369}"
EndProject
Project("{2150E333-8FDC-42A3-9474-1A3956D46DE8}") = "4 - Infra", "4 - Infra", "{00F0EE1F-53A1-4BF4-83A8-7F66EF67C844}"
EndProject
Project("{FAE04EC0-301F-11D3-BF4B-00C04F79EFBC}") = "Business", "Business\Business.csproj", "{4A6AFE95-709F-4F9B-B068-9A7D3D31B402}"
EndProject
Global
	GlobalSection(SolutionConfigurationPlatforms) = preSolution
		Debug|Any CPU = Debug|Any CPU
		Release|Any CPU = Release|Any CPU
	EndGlobalSection
	GlobalSection(ProjectConfigurationPlatforms) = postSolution
		{C393DAA2-982A-4D9C-BD78-5D0E72498E45}.Debug|Any CPU.ActiveCfg = Debug|Any CPU
		{C393DAA2-982A-4D9C-BD78-5D0E72498E45}.Debug|Any CPU.Build.0 = Debug|Any CPU
		{C393DAA2-982A-4D9C-BD78-5D0E72498E45}.Release|Any CPU.ActiveCfg = Release|Any CPU
		{C393DAA2-982A-4D9C-BD78-5D0E72498E45}.Release|Any CPU.Build.0 = Release|Any CPU
		{CA53C4ED-C9AE-4480-9F06-B55657F30D1C}.Debug|Any CPU.ActiveCfg = Debug|Any CPU
		{CA53C4ED-C9AE-4480-9F06-B55657F30D1C}.Debug|Any CPU.Build.0 = Debug|Any CPU
		{CA53C4ED-C9AE-4480-9F06-B55657F30D1C}.Release|Any CPU.ActiveCfg = Release|Any CPU
		{CA53C4ED-C9AE-4480-9F06-B55657F30D1C}.Release|Any CPU.Build.0 = Release|Any CPU
		{16F83C1D-0B80-4501-931B-5A56187A06E3}.Debug|Any CPU.ActiveCfg = Debug|Any CPU
		{16F83C1D-0B80-4501-931B-5A56187A06E3}.Debug|Any CPU.Build.0 = Debug|Any CPU
		{16F83C1D-0B80-4501-931B-5A56187A06E3}.Release|Any CPU.ActiveCfg = Release|Any CPU
		{16F83C1D-0B80-4501-931B-5A56187A06E3}.Release|Any CPU.Build.0 = Release|Any CPU
		{4A6AFE95-709F-4F9B-B068-9A7D3D31B402}.Debug|Any CPU.ActiveCfg = Debug|Any CPU
		{4A6AFE95-709F-4F9B-B068-9A7D3D31B402}.Debug|Any CPU.Build.0 = Debug|Any CPU
		{4A6AFE95-709F-4F9B-B068-9A7D3D31B402}.Release|Any CPU.ActiveCfg = Release|Any CPU
		{4A6AFE95-709F-4F9B-B068-9A7D3D31B402}.Release|Any CPU.Build.0 = Release|Any CPU
	EndGlobalSection
	GlobalSection(NestedProjects) = preSolution
		{C393DAA2-982A-4D9C-BD78-5D0E72498E45} = {C30EFF3B-D201-4CCF-AEC5-E9F86FD8F66D}
		{CA53C4ED-C9AE-4480-9F06-B55657F30D1C} = {C17BC4E1-BD91-43B7-8844-B6612A28A369}
		{16F83C1D-0B80-4501-931B-5A56187A06E3} = {00F0EE1F-53A1-4BF4-83A8-7F66EF67C844}
		{4A6AFE95-709F-4F9B-B068-9A7D3D31B402} = {356992EB-E003-403E-892D-F8B924CF17A4}
	EndGlobalSection
EndGlobal
